
Microsoft Visual Studio Solution File, Format Version 11.00
# Visual Studio 2010
Project("{FAE04EC0-301F-11D3-BF4B-00C04F79EFBC}") = "Assembly-CSharp", "Assembly-CSharp.csproj", "{06FD08CE-6789-EEFC-A006-2A0134C8B16C}"
EndProject
Project("{FAE04EC0-301F-11D3-BF4B-00C04F79EFBC}") = "Assembly-CSharp-Editor", "Assembly-CSharp-Editor.csproj", "{3E7D591E-EB50-619F-054E-2F4340883A6E}"
EndProject
Global
	GlobalSection(SolutionConfigurationPlatforms) = preSolution
		Debug|Any CPU = Debug|Any CPU
		Release|Any CPU = Release|Any CPU
	EndGlobalSection
	GlobalSection(ProjectConfigurationPlatforms) = postSolution
		{06FD08CE-6789-EEFC-A006-2A0134C8B16C}.Debug|Any CPU.ActiveCfg = Debug|Any CPU
		{06FD08CE-6789-EEFC-A006-2A0134C8B16C}.Debug|Any CPU.Build.0 = Debug|Any CPU
		{06FD08CE-6789-EEFC-A006-2A0134C8B16C}.Release|Any CPU.ActiveCfg = Release|Any CPU
		{06FD08CE-6789-EEFC-A006-2A0134C8B16C}.Release|Any CPU.Build.0 = Release|Any CPU
		{3E7D591E-EB50-619F-054E-2F4340883A6E}.Debug|Any CPU.ActiveCfg = Debug|Any CPU
		{3E7D591E-EB50-619F-054E-2F4340883A6E}.Debug|Any CPU.Build.0 = Debug|Any CPU
		{3E7D591E-EB50-619F-054E-2F4340883A6E}.Release|Any CPU.ActiveCfg = Release|Any CPU
		{3E7D591E-EB50-619F-054E-2F4340883A6E}.Release|Any CPU.Build.0 = Release|Any CPU
	EndGlobalSection
	GlobalSection(SolutionProperties) = preSolution
		HideSolutionNode = FALSE
	EndGlobalSection
EndGlobal
